
Microsoft Visual Studio Solution File, Format Version 12.00
# Visual Studio Version 17
VisualStudioVersion = 17.5.33209.295
MinimumVisualStudioVersion = 10.0.40219.1
Project("{9A19103F-16F7-4668-BE54-9A1E7A4F7556}") = "TestTask", "TestTask\TestTask.csproj", "{2A710717-FAE4-4FD7-942A-25F4905B14D7}"
EndProject
Global
	GlobalSection(SolutionConfigurationPlatforms) = preSolution
		Debug|Any CPU = Debug|Any CPU
		Release|Any CPU = Release|Any CPU
	EndGlobalSection
	GlobalSection(ProjectConfigurationPlatforms) = postSolution
		{2A710717-FAE4-4FD7-942A-25F4905B14D7}.Debug|Any CPU.ActiveCfg = Debug|Any CPU
		{2A710717-FAE4-4FD7-942A-25F4905B14D7}.Debug|Any CPU.Build.0 = Debug|Any CPU
		{2A710717-FAE4-4FD7-942A-25F4905B14D7}.Release|Any CPU.ActiveCfg = Release|Any CPU
		{2A710717-FAE4-4FD7-942A-25F4905B14D7}.Release|Any CPU.Build.0 = Release|Any CPU
	EndGlobalSection
	GlobalSection(SolutionProperties) = preSolution
		HideSolutionNode = FALSE
	EndGlobalSection
	GlobalSection(ExtensibilityGlobals) = postSolution
		SolutionGuid = {D166D20D-B2E6-49E5-AA30-2ADBC0F81F65}
	EndGlobalSection
EndGlobal
